
Microsoft Visual Studio Solution File, Format Version 12.00
# Visual Studio 14
VisualStudioVersion = 14.0.25123.0
MinimumVisualStudioVersion = 10.0.40219.1
Project("{FAE04EC0-301F-11D3-BF4B-00C04F79EFBC}") = "ClassLibrary1", "..\Visual Studio 2015\Projects\EntityFrameWorkTest\ClassLibrary1\ClassLibrary1.csproj", "{167997DF-824A-4C96-BE03-D27BF4D16869}"
EndProject
Project("{FAE04EC0-301F-11D3-BF4B-00C04F79EFBC}") = "ConsoleApplication1", "ConsoleApplication1\ConsoleApplication1.csproj", "{2159F8B9-5A9D-40CE-BBAA-AFEB459BC4D2}"
EndProject
Global
	GlobalSection(SolutionConfigurationPlatforms) = preSolution
		Debug|Any CPU = Debug|Any CPU
		Release|Any CPU = Release|Any CPU
	EndGlobalSection
	GlobalSection(ProjectConfigurationPlatforms) = postSolution
		{167997DF-824A-4C96-BE03-D27BF4D16869}.Debug|Any CPU.ActiveCfg = Debug|Any CPU
		{167997DF-824A-4C96-BE03-D27BF4D16869}.Debug|Any CPU.Build.0 = Debug|Any CPU
		{167997DF-824A-4C96-BE03-D27BF4D16869}.Release|Any CPU.ActiveCfg = Release|Any CPU
		{167997DF-824A-4C96-BE03-D27BF4D16869}.Release|Any CPU.Build.0 = Release|Any CPU
		{2159F8B9-5A9D-40CE-BBAA-AFEB459BC4D2}.Debug|Any CPU.ActiveCfg = Debug|Any CPU
		{2159F8B9-5A9D-40CE-BBAA-AFEB459BC4D2}.Debug|Any CPU.Build.0 = Debug|Any CPU
		{2159F8B9-5A9D-40CE-BBAA-AFEB459BC4D2}.Release|Any CPU.ActiveCfg = Release|Any CPU
		{2159F8B9-5A9D-40CE-BBAA-AFEB459BC4D2}.Release|Any CPU.Build.0 = Release|Any CPU
	EndGlobalSection
	GlobalSection(SolutionProperties) = preSolution
		HideSolutionNode = FALSE
	EndGlobalSection
EndGlobal
